// !$*UTF8*$!
{
	archiveVersion = 1;
	classes = {
	};
	objectVersion = 50;
	objects = {

/* Begin PBXBuildFile section */
		281C5C4B25D19358009037A5 /* WidgetKit.framework in Frameworks */ = {isa = PBXBuildFile; fileRef = 281C5B7E25D18317009037A5 /* WidgetKit.framework */; };
		281C5C4C25D19358009037A5 /* SwiftUI.framework in Frameworks */ = {isa = PBXBuildFile; fileRef = 281C5B8025D18317009037A5 /* SwiftUI.framework */; };
		281C5C4F25D19358009037A5 /* GoldCalculator.swift in Sources */ = {isa = PBXBuildFile; fileRef = 281C5C4E25D19358009037A5 /* GoldCalculator.swift */; };
		281C5C5125D19359009037A5 /* Assets.xcassets in Resources */ = {isa = PBXBuildFile; fileRef = 281C5C5025D19359009037A5 /* Assets.xcassets */; };
		281C5C5525D19359009037A5 /* GoldCalculatorExtension.appex in Embed App Extensions */ = {isa = PBXBuildFile; fileRef = 281C5C4A25D19358009037A5 /* GoldCalculatorExtension.appex */; settings = {ATTRIBUTES = (RemoveHeadersOnCopy, ); }; };
		2837CF6E25B86246006E0E41 /* CalculatorViewController.swift in Sources */ = {isa = PBXBuildFile; fileRef = 2837CF6D25B86246006E0E41 /* CalculatorViewController.swift */; };
		2837CF7525B9C2A6006E0E41 /* CalculatorController.swift in Sources */ = {isa = PBXBuildFile; fileRef = 2837CF7425B9C2A6006E0E41 /* CalculatorController.swift */; };
		28B73AD725B5CB7900D61C6E /* AppDelegate.swift in Sources */ = {isa = PBXBuildFile; fileRef = 28B73AD625B5CB7900D61C6E /* AppDelegate.swift */; };
		28B73AD925B5CB7900D61C6E /* SceneDelegate.swift in Sources */ = {isa = PBXBuildFile; fileRef = 28B73AD825B5CB7900D61C6E /* SceneDelegate.swift */; };
		28B73ADB25B5CB7900D61C6E /* ViewController.swift in Sources */ = {isa = PBXBuildFile; fileRef = 28B73ADA25B5CB7900D61C6E /* ViewController.swift */; };
		28B73ADE25B5CB7900D61C6E /* Main.storyboard in Resources */ = {isa = PBXBuildFile; fileRef = 28B73ADC25B5CB7900D61C6E /* Main.storyboard */; };
		28B73AE025B5CB7A00D61C6E /* Assets.xcassets in Resources */ = {isa = PBXBuildFile; fileRef = 28B73ADF25B5CB7A00D61C6E /* Assets.xcassets */; };
		28B73AE325B5CB7A00D61C6E /* LaunchScreen.storyboard in Resources */ = {isa = PBXBuildFile; fileRef = 28B73AE125B5CB7A00D61C6E /* LaunchScreen.storyboard */; };
/* End PBXBuildFile section */

/* Begin PBXContainerItemProxy section */
		281C5C5325D19359009037A5 /* PBXContainerItemProxy */ = {
			isa = PBXContainerItemProxy;
			containerPortal = 28B73ACB25B5CB7900D61C6E /* Project object */;
			proxyType = 1;
			remoteGlobalIDString = 281C5C4925D19358009037A5;
			remoteInfo = GoldCalculatorExtension;
		};
/* End PBXContainerItemProxy section */

/* Begin PBXCopyFilesBuildPhase section */
		281C5B8E25D18318009037A5 /* Embed App Extensions */ = {
			isa = PBXCopyFilesBuildPhase;
			buildActionMask = 2147483647;
			dstPath = "";
			dstSubfolderSpec = 13;
			files = (
				281C5C5525D19359009037A5 /* GoldCalculatorExtension.appex in Embed App Extensions */,
			);
			name = "Embed App Extensions";
			runOnlyForDeploymentPostprocessing = 0;
		};
/* End PBXCopyFilesBuildPhase section */

/* Begin PBXFileReference section */
		281C5B7E25D18317009037A5 /* WidgetKit.framework */ = {isa = PBXFileReference; lastKnownFileType = wrapper.framework; name = WidgetKit.framework; path = System/Library/Frameworks/WidgetKit.framework; sourceTree = SDKROOT; };
		281C5B8025D18317009037A5 /* SwiftUI.framework */ = {isa = PBXFileReference; lastKnownFileType = wrapper.framework; name = SwiftUI.framework; path = System/Library/Frameworks/SwiftUI.framework; sourceTree = SDKROOT; };
		281C5C4A25D19358009037A5 /* GoldCalculatorExtension.appex */ = {isa = PBXFileReference; explicitFileType = "wrapper.app-extension"; includeInIndex = 0; path = GoldCalculatorExtension.appex; sourceTree = BUILT_PRODUCTS_DIR; };
		281C5C4E25D19358009037A5 /* GoldCalculator.swift */ = {isa = PBXFileReference; lastKnownFileType = sourcecode.swift; path = GoldCalculator.swift; sourceTree = "<group>"; };
		281C5C5025D19359009037A5 /* Assets.xcassets */ = {isa = PBXFileReference; lastKnownFileType = folder.assetcatalog; path = Assets.xcassets; sourceTree = "<group>"; };
		281C5C5225D19359009037A5 /* Info.plist */ = {isa = PBXFileReference; lastKnownFileType = text.plist.xml; path = Info.plist; sourceTree = "<group>"; };
		2837CF6D25B86246006E0E41 /* CalculatorViewController.swift */ = {isa = PBXFileReference; lastKnownFileType = sourcecode.swift; path = CalculatorViewController.swift; sourceTree = "<group>"; };
		2837CF7425B9C2A6006E0E41 /* CalculatorController.swift */ = {isa = PBXFileReference; lastKnownFileType = sourcecode.swift; path = CalculatorController.swift; sourceTree = "<group>"; };
		28B73AD325B5CB7900D61C6E /* Talesweaver.app */ = {isa = PBXFileReference; explicitFileType = wrapper.application; includeInIndex = 0; path = Talesweaver.app; sourceTree = BUILT_PRODUCTS_DIR; };
		28B73AD625B5CB7900D61C6E /* AppDelegate.swift */ = {isa = PBXFileReference; lastKnownFileType = sourcecode.swift; path = AppDelegate.swift; sourceTree = "<group>"; };
		28B73AD825B5CB7900D61C6E /* SceneDelegate.swift */ = {isa = PBXFileReference; lastKnownFileType = sourcecode.swift; path = SceneDelegate.swift; sourceTree = "<group>"; };
		28B73ADA25B5CB7900D61C6E /* ViewController.swift */ = {isa = PBXFileReference; lastKnownFileType = sourcecode.swift; path = ViewController.swift; sourceTree = "<group>"; };
		28B73ADD25B5CB7900D61C6E /* Base */ = {isa = PBXFileReference; lastKnownFileType = file.storyboard; name = Base; path = Base.lproj/Main.storyboard; sourceTree = "<group>"; };
		28B73ADF25B5CB7A00D61C6E /* Assets.xcassets */ = {isa = PBXFileReference; lastKnownFileType = folder.assetcatalog; path = Assets.xcassets; sourceTree = "<group>"; };
		28B73AE225B5CB7A00D61C6E /* Base */ = {isa = PBXFileReference; lastKnownFileType = file.storyboard; name = Base; path = Base.lproj/LaunchScreen.storyboard; sourceTree = "<group>"; };
		28B73AE425B5CB7A00D61C6E /* Info.plist */ = {isa = PBXFileReference; lastKnownFileType = text.plist.xml; path = Info.plist; sourceTree = "<group>"; };
/* End PBXFileReference section */

/* Begin PBXFrameworksBuildPhase section */
		281C5C4725D19358009037A5 /* Frameworks */ = {
			isa = PBXFrameworksBuildPhase;
			buildActionMask = 2147483647;
			files = (
				281C5C4C25D19358009037A5 /* SwiftUI.framework in Frameworks */,
				281C5C4B25D19358009037A5 /* WidgetKit.framework in Frameworks */,
			);
			runOnlyForDeploymentPostprocessing = 0;
		};
		28B73AD025B5CB7900D61C6E /* Frameworks */ = {
			isa = PBXFrameworksBuildPhase;
			buildActionMask = 2147483647;
			files = (
			);
			runOnlyForDeploymentPostprocessing = 0;
		};
/* End PBXFrameworksBuildPhase section */

/* Begin PBXGroup section */
		281C5B7D25D18317009037A5 /* Frameworks */ = {
			isa = PBXGroup;
			children = (
				281C5B7E25D18317009037A5 /* WidgetKit.framework */,
				281C5B8025D18317009037A5 /* SwiftUI.framework */,
			);
			name = Frameworks;
			sourceTree = "<group>";
		};
		281C5C4D25D19358009037A5 /* GoldCalculator */ = {
			isa = PBXGroup;
			children = (
				281C5C4E25D19358009037A5 /* GoldCalculator.swift */,
				281C5C5025D19359009037A5 /* Assets.xcassets */,
				281C5C5225D19359009037A5 /* Info.plist */,
			);
			path = GoldCalculator;
			sourceTree = "<group>";
		};
		28B73ACA25B5CB7900D61C6E = {
			isa = PBXGroup;
			children = (
				28B73AD525B5CB7900D61C6E /* Talesweaver */,
				281C5C4D25D19358009037A5 /* GoldCalculator */,
				281C5B7D25D18317009037A5 /* Frameworks */,
				28B73AD425B5CB7900D61C6E /* Products */,
			);
			sourceTree = "<group>";
		};
		28B73AD425B5CB7900D61C6E /* Products */ = {
			isa = PBXGroup;
			children = (
				28B73AD325B5CB7900D61C6E /* Talesweaver.app */,
				281C5C4A25D19358009037A5 /* GoldCalculatorExtension.appex */,
			);
			name = Products;
			sourceTree = "<group>";
		};
		28B73AD525B5CB7900D61C6E /* Talesweaver */ = {
			isa = PBXGroup;
			children = (
				28B73AD625B5CB7900D61C6E /* AppDelegate.swift */,
				28B73AD825B5CB7900D61C6E /* SceneDelegate.swift */,
				28B73ADA25B5CB7900D61C6E /* ViewController.swift */,
				28B73ADC25B5CB7900D61C6E /* Main.storyboard */,
				28B73ADF25B5CB7A00D61C6E /* Assets.xcassets */,
				28B73AE125B5CB7A00D61C6E /* LaunchScreen.storyboard */,
				28B73AE425B5CB7A00D61C6E /* Info.plist */,
				2837CF6D25B86246006E0E41 /* CalculatorViewController.swift */,
				2837CF7425B9C2A6006E0E41 /* CalculatorController.swift */,
			);
			path = Talesweaver;
			sourceTree = "<group>";
		};
/* End PBXGroup section */

/* Begin PBXNativeTarget section */
		281C5C4925D19358009037A5 /* GoldCalculatorExtension */ = {
			isa = PBXNativeTarget;
			buildConfigurationList = 281C5C5625D19359009037A5 /* Build configuration list for PBXNativeTarget "GoldCalculatorExtension" */;
			buildPhases = (
				281C5C4625D19358009037A5 /* Sources */,
				281C5C4725D19358009037A5 /* Frameworks */,
				281C5C4825D19358009037A5 /* Resources */,
			);
			buildRules = (
			);
			dependencies = (
			);
			name = GoldCalculatorExtension;
			productName = GoldCalculatorExtension;
			productReference = 281C5C4A25D19358009037A5 /* GoldCalculatorExtension.appex */;
			productType = "com.apple.product-type.app-extension";
		};
		28B73AD225B5CB7900D61C6E /* Talesweaver */ = {
			isa = PBXNativeTarget;
			buildConfigurationList = 28B73AE725B5CB7A00D61C6E /* Build configuration list for PBXNativeTarget "Talesweaver" */;
			buildPhases = (
				28B73ACF25B5CB7900D61C6E /* Sources */,
				28B73AD025B5CB7900D61C6E /* Frameworks */,
				28B73AD125B5CB7900D61C6E /* Resources */,
				281C5B8E25D18318009037A5 /* Embed App Extensions */,
			);
			buildRules = (
			);
			dependencies = (
				281C5C5425D19359009037A5 /* PBXTargetDependency */,
			);
			name = Talesweaver;
			productName = Talesweaver;
			productReference = 28B73AD325B5CB7900D61C6E /* Talesweaver.app */;
			productType = "com.apple.product-type.application";
		};
/* End PBXNativeTarget section */

/* Begin PBXProject section */
		28B73ACB25B5CB7900D61C6E /* Project object */ = {
			isa = PBXProject;
			attributes = {
				LastSwiftUpdateCheck = 1220;
				LastUpgradeCheck = 1220;
				TargetAttributes = {
					281C5C4925D19358009037A5 = {
						CreatedOnToolsVersion = 12.2;
					};
					28B73AD225B5CB7900D61C6E = {
						CreatedOnToolsVersion = 12.2;
					};
				};
			};
			buildConfigurationList = 28B73ACE25B5CB7900D61C6E /* Build configuration list for PBXProject "Talesweaver" */;
			compatibilityVersion = "Xcode 9.3";
			developmentRegion = en;
			hasScannedForEncodings = 0;
			knownRegions = (
				en,
				Base,
			);
			mainGroup = 28B73ACA25B5CB7900D61C6E;
			productRefGroup = 28B73AD425B5CB7900D61C6E /* Products */;
			projectDirPath = "";
			projectRoot = "";
			targets = (
				28B73AD225B5CB7900D61C6E /* Talesweaver */,
				281C5C4925D19358009037A5 /* GoldCalculatorExtension */,
			);
		};
/* End PBXProject section */

/* Begin PBXResourcesBuildPhase section */
		281C5C4825D19358009037A5 /* Resources */ = {
			isa = PBXResourcesBuildPhase;
			buildActionMask = 2147483647;
			files = (
				281C5C5125D19359009037A5 /* Assets.xcassets in Resources */,
			);
			runOnlyForDeploymentPostprocessing = 0;
		};
		28B73AD125B5CB7900D61C6E /* Resources */ = {
			isa = PBXResourcesBuildPhase;
			buildActionMask = 2147483647;
			files = (
				28B73AE325B5CB7A00D61C6E /* LaunchScreen.storyboard in Resources */,
				28B73AE025B5CB7A00D61C6E /* Assets.xcassets in Resources */,
				28B73ADE25B5CB7900D61C6E /* Main.storyboard in Resources */,
			);
			runOnlyForDeploymentPostprocessing = 0;
		};
/* End PBXResourcesBuildPhase section */

/* Begin PBXSourcesBuildPhase section */
		281C5C4625D19358009037A5 /* Sources */ = {
			isa = PBXSourcesBuildPhase;
			buildActionMask = 2147483647;
			files = (
				281C5C4F25D19358009037A5 /* GoldCalculator.swift in Sources */,
			);
			runOnlyForDeploymentPostprocessing = 0;
		};
		28B73ACF25B5CB7900D61C6E /* Sources */ = {
			isa = PBXSourcesBuildPhase;
			buildActionMask = 2147483647;
			files = (
				28B73ADB25B5CB7900D61C6E /* ViewController.swift in Sources */,
				2837CF7525B9C2A6006E0E41 /* CalculatorController.swift in Sources */,
				28B73AD725B5CB7900D61C6E /* AppDelegate.swift in Sources */,
				2837CF6E25B86246006E0E41 /* CalculatorViewController.swift in Sources */,
				28B73AD925B5CB7900D61C6E /* SceneDelegate.swift in Sources */,
			);
			runOnlyForDeploymentPostprocessing = 0;
		};
/* End PBXSourcesBuildPhase section */

/* Begin PBXTargetDependency section */
		281C5C5425D19359009037A5 /* PBXTargetDependency */ = {
			isa = PBXTargetDependency;
			target = 281C5C4925D19358009037A5 /* GoldCalculatorExtension */;
			targetProxy = 281C5C5325D19359009037A5 /* PBXContainerItemProxy */;
		};
/* End PBXTargetDependency section */

/* Begin PBXVariantGroup section */
		28B73ADC25B5CB7900D61C6E /* Main.storyboard */ = {
			isa = PBXVariantGroup;
			children = (
				28B73ADD25B5CB7900D61C6E /* Base */,
			);
			name = Main.storyboard;
			sourceTree = "<group>";
		};
		28B73AE125B5CB7A00D61C6E /* LaunchScreen.storyboard */ = {
			isa = PBXVariantGroup;
			children = (
				28B73AE225B5CB7A00D61C6E /* Base */,
			);
			name = LaunchScreen.storyboard;
			sourceTree = "<group>";
		};
/* End PBXVariantGroup section */

/* Begin XCBuildConfiguration section */
		281C5C5725D19359009037A5 /* Debug */ = {
			isa = XCBuildConfiguration;
			buildSettings = {
				ASSETCATALOG_COMPILER_GLOBAL_ACCENT_COLOR_NAME = AccentColor;
				ASSETCATALOG_COMPILER_WIDGET_BACKGROUND_COLOR_NAME = WidgetBackground;
				CODE_SIGN_STYLE = Automatic;
				DEVELOPMENT_TEAM = 7LZK6PGS47;
				INFOPLIST_FILE = GoldCalculator/Info.plist;
				IPHONEOS_DEPLOYMENT_TARGET = 14.2;
				LD_RUNPATH_SEARCH_PATHS = (
					"$(inherited)",
					"@executable_path/Frameworks",
					"@executable_path/../../Frameworks",
				);
				PRODUCT_BUNDLE_IDENTIFIER = com.rams.Talesweaver.GoldCalculator;
				PRODUCT_NAME = "$(TARGET_NAME)";
				SKIP_INSTALL = YES;
				SWIFT_VERSION = 5.0;
				TARGETED_DEVICE_FAMILY = "1,2";
			};
			name = Debug;
		};
		281C5C5825D19359009037A5 /* Release */ = {
			isa = XCBuildConfiguration;
			buildSettings = {
				ASSETCATALOG_COMPILER_GLOBAL_ACCENT_COLOR_NAME = AccentColor;
				ASSETCATALOG_COMPILER_WIDGET_BACKGROUND_COLOR_NAME = WidgetBackground;
				CODE_SIGN_STYLE = Automatic;
				DEVELOPMENT_TEAM = 7LZK6PGS47;
				INFOPLIST_FILE = GoldCalculator/Info.plist;
				IPHONEOS_DEPLOYMENT_TARGET = 14.2;
				LD_RUNPATH_SEARCH_PATHS = (
					"$(inherited)",
					"@executable_path/Frameworks",
					"@executable_path/../../Frameworks",
				);
				PRODUCT_BUNDLE_IDENTIFIER = com.rams.Talesweaver.GoldCalculator;
				PRODUCT_NAME = "$(TARGET_NAME)";
				SKIP_INSTALL = YES;
				SWIFT_VERSION = 5.0;
				TARGETED_DEVICE_FAMILY = "1,2";
			};
			name = Release;
		};
		28B73AE525B5CB7A00D61C6E /* Debug */ = {
			isa = XCBuildConfiguration;
			buildSettings = {
				ALWAYS_SEARCH_USER_PATHS = NO;
				CLANG_ANALYZER_NONNULL = YES;
				CLANG_ANALYZER_NUMBER_OBJECT_CONVERSION = YES_AGGRESSIVE;
				CLANG_CXX_LANGUAGE_STANDARD = "gnu++14";
				CLANG_CXX_LIBRARY = "libc++";
				CLANG_ENABLE_MODULES = YES;
				CLANG_ENABLE_OBJC_ARC = YES;
				CLANG_ENABLE_OBJC_WEAK = YES;
				CLANG_WARN_BLOCK_CAPTURE_AUTORELEASING = YES;
				CLANG_WARN_BOOL_CONVERSION = YES;
				CLANG_WARN_COMMA = YES;
				CLANG_WARN_CONSTANT_CONVERSION = YES;
				CLANG_WARN_DEPRECATED_OBJC_IMPLEMENTATIONS = YES;
				CLANG_WARN_DIRECT_OBJC_ISA_USAGE = YES_ERROR;
				CLANG_WARN_DOCUMENTATION_COMMENTS = YES;
				CLANG_WARN_EMPTY_BODY = YES;
				CLANG_WARN_ENUM_CONVERSION = YES;
				CLANG_WARN_INFINITE_RECURSION = YES;
				CLANG_WARN_INT_CONVERSION = YES;
				CLANG_WARN_NON_LITERAL_NULL_CONVERSION = YES;
				CLANG_WARN_OBJC_IMPLICIT_RETAIN_SELF = YES;
				CLANG_WARN_OBJC_LITERAL_CONVERSION = YES;
				CLANG_WARN_OBJC_ROOT_CLASS = YES_ERROR;
				CLANG_WARN_QUOTED_INCLUDE_IN_FRAMEWORK_HEADER = YES;
				CLANG_WARN_RANGE_LOOP_ANALYSIS = YES;
				CLANG_WARN_STRICT_PROTOTYPES = YES;
				CLANG_WARN_SUSPICIOUS_MOVE = YES;
				CLANG_WARN_UNGUARDED_AVAILABILITY = YES_AGGRESSIVE;
				CLANG_WARN_UNREACHABLE_CODE = YES;
				CLANG_WARN__DUPLICATE_METHOD_MATCH = YES;
				COPY_PHASE_STRIP = NO;
				DEBUG_INFORMATION_FORMAT = dwarf;
				ENABLE_STRICT_OBJC_MSGSEND = YES;
				ENABLE_TESTABILITY = YES;
				GCC_C_LANGUAGE_STANDARD = gnu11;
				GCC_DYNAMIC_NO_PIC = NO;
				GCC_NO_COMMON_BLOCKS = YES;
				GCC_OPTIMIZATION_LEVEL = 0;
				GCC_PREPROCESSOR_DEFINITIONS = (
					"DEBUG=1",
					"$(inherited)",
				);
				GCC_WARN_64_TO_32_BIT_CONVERSION = YES;
				GCC_WARN_ABOUT_RETURN_TYPE = YES_ERROR;
				GCC_WARN_UNDECLARED_SELECTOR = YES;
				GCC_WARN_UNINITIALIZED_AUTOS = YES_AGGRESSIVE;
				GCC_WARN_UNUSED_FUNCTION = YES;
				GCC_WARN_UNUSED_VARIABLE = YES;
				IPHONEOS_DEPLOYMENT_TARGET = 13.0;
				MTL_ENABLE_DEBUG_INFO = INCLUDE_SOURCE;
				MTL_FAST_MATH = YES;
				ONLY_ACTIVE_ARCH = YES;
				SDKROOT = iphoneos;
				SWIFT_ACTIVE_COMPILATION_CONDITIONS = DEBUG;
				SWIFT_OPTIMIZATION_LEVEL = "-Onone";
				TARGETED_DEVICE_FAMILY = "1,2";
			};
			name = Debug;
		};
		28B73AE625B5CB7A00D61C6E /* Release */ = {
			isa = XCBuildConfiguration;
			buildSettings = {
				ALWAYS_SEARCH_USER_PATHS = NO;
				CLANG_ANALYZER_NONNULL = YES;
				CLANG_ANALYZER_NUMBER_OBJECT_CONVERSION = YES_AGGRESSIVE;
				CLANG_CXX_LANGUAGE_STANDARD = "gnu++14";
				CLANG_CXX_LIBRARY = "libc++";
				CLANG_ENABLE_MODULES = YES;
				CLANG_ENABLE_OBJC_ARC = YES;
				CLANG_ENABLE_OBJC_WEAK = YES;
				CLANG_WARN_BLOCK_CAPTURE_AUTORELEASING = YES;
				CLANG_WARN_BOOL_CONVERSION = YES;
				CLANG_WARN_COMMA = YES;
				CLANG_WARN_CONSTANT_CONVERSION = YES;
				CLANG_WARN_DEPRECATED_OBJC_IMPLEMENTATIONS = YES;
				CLANG_WARN_DIRECT_OBJC_ISA_USAGE = YES_ERROR;
				CLANG_WARN_DOCUMENTATION_COMMENTS = YES;
				CLANG_WARN_EMPTY_BODY = YES;
				CLANG_WARN_ENUM_CONVERSION = YES;
				CLANG_WARN_INFINITE_RECURSION = YES;
				CLANG_WARN_INT_CONVERSION = YES;
				CLANG_WARN_NON_LITERAL_NULL_CONVERSION = YES;
				CLANG_WARN_OBJC_IMPLICIT_RETAIN_SELF = YES;
				CLANG_WARN_OBJC_LITERAL_CONVERSION = YES;
				CLANG_WARN_OBJC_ROOT_CLASS = YES_ERROR;
				CLANG_WARN_QUOTED_INCLUDE_IN_FRAMEWORK_HEADER = YES;
				CLANG_WARN_RANGE_LOOP_ANALYSIS = YES;
				CLANG_WARN_STRICT_PROTOTYPES = YES;
				CLANG_WARN_SUSPICIOUS_MOVE = YES;
				CLANG_WARN_UNGUARDED_AVAILABILITY = YES_AGGRESSIVE;
				CLANG_WARN_UNREACHABLE_CODE = YES;
				CLANG_WARN__DUPLICATE_METHOD_MATCH = YES;
				COPY_PHASE_STRIP = NO;
				DEBUG_INFORMATION_FORMAT = "dwarf-with-dsym";
				ENABLE_NS_ASSERTIONS = NO;
				ENABLE_STRICT_OBJC_MSGSEND = YES;
				GCC_C_LANGUAGE_STANDARD = gnu11;
				GCC_NO_COMMON_BLOCKS = YES;
				GCC_WARN_64_TO_32_BIT_CONVERSION = YES;
				GCC_WARN_ABOUT_RETURN_TYPE = YES_ERROR;
				GCC_WARN_UNDECLARED_SELECTOR = YES;
				GCC_WARN_UNINITIALIZED_AUTOS = YES_AGGRESSIVE;
				GCC_WARN_UNUSED_FUNCTION = YES;
				GCC_WARN_UNUSED_VARIABLE = YES;
				IPHONEOS_DEPLOYMENT_TARGET = 13.0;
				MTL_ENABLE_DEBUG_INFO = NO;
				MTL_FAST_MATH = YES;
				SDKROOT = iphoneos;
				SWIFT_COMPILATION_MODE = wholemodule;
				SWIFT_OPTIMIZATION_LEVEL = "-O";
				TARGETED_DEVICE_FAMILY = "1,2";
				VALIDATE_PRODUCT = YES;
			};
			name = Release;
		};
		28B73AE825B5CB7A00D61C6E /* Debug */ = {
			isa = XCBuildConfiguration;
			buildSettings = {
				ALWAYS_EMBED_SWIFT_STANDARD_LIBRARIES = YES;
				ASSETCATALOG_COMPILER_APPICON_NAME = AppIcon;
				ASSETCATALOG_COMPILER_GLOBAL_ACCENT_COLOR_NAME = AccentColor;
				CODE_SIGN_STYLE = Automatic;
				DEVELOPMENT_TEAM = 7LZK6PGS47;
				INFOPLIST_FILE = Talesweaver/Info.plist;
				IPHONEOS_DEPLOYMENT_TARGET = 13.0;
				LD_RUNPATH_SEARCH_PATHS = (
					"$(inherited)",
					"@executable_path/Frameworks",
				);
				PRODUCT_BUNDLE_IDENTIFIER = com.rams.Talesweaver;
				PRODUCT_NAME = "$(TARGET_NAME)";
				SWIFT_VERSION = 5.0;
				TARGETED_DEVICE_FAMILY = "1,2";
			};
			name = Debug;
		};
		28B73AE925B5CB7A00D61C6E /* Release */ = {
			isa = XCBuildConfiguration;
			buildSettings = {
				ALWAYS_EMBED_SWIFT_STANDARD_LIBRARIES = YES;
				ASSETCATALOG_COMPILER_APPICON_NAME = AppIcon;
				ASSETCATALOG_COMPILER_GLOBAL_ACCENT_COLOR_NAME = AccentColor;
				CODE_SIGN_STYLE = Automatic;
				DEVELOPMENT_TEAM = 7LZK6PGS47;
				INFOPLIST_FILE = Talesweaver/Info.plist;
				IPHONEOS_DEPLOYMENT_TARGET = 13.0;
				LD_RUNPATH_SEARCH_PATHS = (
					"$(inherited)",
					"@executable_path/Frameworks",
				);
				PRODUCT_BUNDLE_IDENTIFIER = com.rams.Talesweaver;
				PRODUCT_NAME = "$(TARGET_NAME)";
				SWIFT_VERSION = 5.0;
				TARGETED_DEVICE_FAMILY = "1,2";
			};
			name = Release;
		};
/* End XCBuildConfiguration section */

/* Begin XCConfigurationList section */
		281C5C5625D19359009037A5 /* Build configuration list for PBXNativeTarget "GoldCalculatorExtension" */ = {
			isa = XCConfigurationList;
			buildConfigurations = (
				281C5C5725D19359009037A5 /* Debug */,
				281C5C5825D19359009037A5 /* Release */,
			);
			defaultConfigurationIsVisible = 0;
			defaultConfigurationName = Release;
		};
		28B73ACE25B5CB7900D61C6E /* Build configuration list for PBXProject "Talesweaver" */ = {
			isa = XCConfigurationList;
			buildConfigurations = (
				28B73AE525B5CB7A00D61C6E /* Debug */,
				28B73AE625B5CB7A00D61C6E /* Release */,
			);
			defaultConfigurationIsVisible = 0;
			defaultConfigurationName = Release;
		};
		28B73AE725B5CB7A00D61C6E /* Build configuration list for PBXNativeTarget "Talesweaver" */ = {
			isa = XCConfigurationList;
			buildConfigurations = (
				28B73AE825B5CB7A00D61C6E /* Debug */,
				28B73AE925B5CB7A00D61C6E /* Release */,
			);
			defaultConfigurationIsVisible = 0;
			defaultConfigurationName = Release;
		};
/* End XCConfigurationList section */
	};
	rootObject = 28B73ACB25B5CB7900D61C6E /* Project object */;
}
